
Microsoft Visual Studio Solution File, Format Version 12.00
# Visual Studio Version 17
VisualStudioVersion = 17.4.33110.190
MinimumVisualStudioVersion = 10.0.40219.1
Project("{FAE04EC0-301F-11D3-BF4B-00C04F79EFBC}") = "JWTApiNet", "JWTApiNet\JWTApiNet.csproj", "{D637A25A-9801-4602-AB23-95E7623B9ED1}"
EndProject
Project("{FAE04EC0-301F-11D3-BF4B-00C04F79EFBC}") = "Shared", "Shared\Shared.csproj", "{1732401A-A80F-485B-BB07-5FDCA3661BE7}"
EndProject
Global
	GlobalSection(SolutionConfigurationPlatforms) = preSolution
		Debug|Any CPU = Debug|Any CPU
		Release|Any CPU = Release|Any CPU
	EndGlobalSection
	GlobalSection(ProjectConfigurationPlatforms) = postSolution
		{D637A25A-9801-4602-AB23-95E7623B9ED1}.Debug|Any CPU.ActiveCfg = Debug|Any CPU
		{D637A25A-9801-4602-AB23-95E7623B9ED1}.Debug|Any CPU.Build.0 = Debug|Any CPU
		{D637A25A-9801-4602-AB23-95E7623B9ED1}.Release|Any CPU.ActiveCfg = Release|Any CPU
		{D637A25A-9801-4602-AB23-95E7623B9ED1}.Release|Any CPU.Build.0 = Release|Any CPU
		{1732401A-A80F-485B-BB07-5FDCA3661BE7}.Debug|Any CPU.ActiveCfg = Debug|Any CPU
		{1732401A-A80F-485B-BB07-5FDCA3661BE7}.Debug|Any CPU.Build.0 = Debug|Any CPU
		{1732401A-A80F-485B-BB07-5FDCA3661BE7}.Release|Any CPU.ActiveCfg = Release|Any CPU
		{1732401A-A80F-485B-BB07-5FDCA3661BE7}.Release|Any CPU.Build.0 = Release|Any CPU
	EndGlobalSection
	GlobalSection(SolutionProperties) = preSolution
		HideSolutionNode = FALSE
	EndGlobalSection
	GlobalSection(ExtensibilityGlobals) = postSolution
		SolutionGuid = {39AD5625-0C15-4597-B91A-5C2FB247BF16}
	EndGlobalSection
EndGlobal
